
Microsoft Visual Studio Solution File, Format Version 12.00
# Visual Studio Version 17
VisualStudioVersion = 17.4.33205.214
MinimumVisualStudioVersion = 10.0.40219.1
Project("{FAE04EC0-301F-11D3-BF4B-00C04F79EFBC}") = "Portafolio", "Portafolio.csproj", "{D97C5523-081B-4EB1-9740-16BF18F8BDA4}"
EndProject
Global
	GlobalSection(SolutionConfigurationPlatforms) = preSolution
		Debug|Any CPU = Debug|Any CPU
		Release|Any CPU = Release|Any CPU
	EndGlobalSection
	GlobalSection(ProjectConfigurationPlatforms) = postSolution
		{D97C5523-081B-4EB1-9740-16BF18F8BDA4}.Debug|Any CPU.ActiveCfg = Debug|Any CPU
		{D97C5523-081B-4EB1-9740-16BF18F8BDA4}.Debug|Any CPU.Build.0 = Debug|Any CPU
		{D97C5523-081B-4EB1-9740-16BF18F8BDA4}.Release|Any CPU.ActiveCfg = Release|Any CPU
		{D97C5523-081B-4EB1-9740-16BF18F8BDA4}.Release|Any CPU.Build.0 = Release|Any CPU
	EndGlobalSection
	GlobalSection(SolutionProperties) = preSolution
		HideSolutionNode = FALSE
	EndGlobalSection
	GlobalSection(ExtensibilityGlobals) = postSolution
		SolutionGuid = {7198C5F1-9DF0-4210-8966-E24EA07B9F4B}
	EndGlobalSection
EndGlobal
